{
    "name": "@mkpwnz/esx-legacy-ts",
    "version": "0.2.15",
    "lockfileVersion": 2,
    "requires": true,
    "packages": {
        "": {
            "name": "@mkpwnz/esx-legacy-ts",
            "version": "0.2.15",
            "license": "ISC",
            "dependencies": {
                "@citizenfx/client": "^2.0.8059-1",
                "@citizenfx/server": "^2.0.8059-1",
                "fivem-js": "^1.5.2"
            }
        },
        "node_modules/@citizenfx/client": {
            "version": "2.0.8059-1",
            "resolved": "https://registry.npmjs.org/@citizenfx/client/-/client-2.0.8059-1.tgz",
            "integrity": "sha512-WvPMiD+tT56/h/c+ov15aaBxKBEJqJL6OE02KD0GsPvxVfgiaeiIqbvnmfxwseykqmdRB72EqovBj66wzWbFBA=="
        },
        "node_modules/@citizenfx/server": {
            "version": "2.0.8059-1",
            "resolved": "https://registry.npmjs.org/@citizenfx/server/-/server-2.0.8059-1.tgz",
            "integrity": "sha512-2zIXzggAfvnJxdNz41nC4oK4d1bzODvlv6U9cLeTu1Z7SQ+ZBqp9ujcj0lgo5YXozScNfzrueVKa7WSer98wyA=="
        },
        "node_modules/fivem-js": {
            "version": "1.5.2",
            "resolved": "https://registry.npmjs.org/fivem-js/-/fivem-js-1.5.2.tgz",
            "integrity": "sha512-PONuAo9djL3UnEcVHxxLLHClQnpnLbiJXu2fNNGvi5Li/7IKfwn5PMHERrjr1Sq+oWeoao100LlsnlnA1mGCew==",
            "dependencies": {
                "@citizenfx/client": "^1.0.3281-1"
            }
        },
        "node_modules/fivem-js/node_modules/@citizenfx/client": {
            "version": "1.0.3281-1",
            "resolved": "https://registry.npmjs.org/@citizenfx/client/-/client-1.0.3281-1.tgz",
            "integrity": "sha512-hZ82+Z1CfFFWYqTohDc9K2Cn00NAGQ4Hv34JH9kQpMsA2talHVUXjZOZ78/Dtk0DcGVA2beSYfA8fMm6ZrKmHg=="
        }
    },
    "dependencies": {
        "@citizenfx/client": {
            "version": "2.0.8059-1",
            "resolved": "https://registry.npmjs.org/@citizenfx/client/-/client-2.0.8059-1.tgz",
            "integrity": "sha512-WvPMiD+tT56/h/c+ov15aaBxKBEJqJL6OE02KD0GsPvxVfgiaeiIqbvnmfxwseykqmdRB72EqovBj66wzWbFBA=="
        },
        "@citizenfx/server": {
            "version": "2.0.8059-1",
            "resolved": "https://registry.npmjs.org/@citizenfx/server/-/server-2.0.8059-1.tgz",
            "integrity": "sha512-2zIXzggAfvnJxdNz41nC4oK4d1bzODvlv6U9cLeTu1Z7SQ+ZBqp9ujcj0lgo5YXozScNfzrueVKa7WSer98wyA=="
        },
        "fivem-js": {
            "version": "1.5.2",
            "resolved": "https://registry.npmjs.org/fivem-js/-/fivem-js-1.5.2.tgz",
            "integrity": "sha512-PONuAo9djL3UnEcVHxxLLHClQnpnLbiJXu2fNNGvi5Li/7IKfwn5PMHERrjr1Sq+oWeoao100LlsnlnA1mGCew==",
            "requires": {
                "@citizenfx/client": "^1.0.3281-1"
            },
            "dependencies": {
                "@citizenfx/client": {
                    "version": "1.0.3281-1",
                    "resolved": "https://registry.npmjs.org/@citizenfx/client/-/client-1.0.3281-1.tgz",
                    "integrity": "sha512-hZ82+Z1CfFFWYqTohDc9K2Cn00NAGQ4Hv34JH9kQpMsA2talHVUXjZOZ78/Dtk0DcGVA2beSYfA8fMm6ZrKmHg=="
                }
            }
        }
    }
}
