{
    "name": "@mkpwnz/esx-legacy-ts",
    "version": "0.2.14",
    "lockfileVersion": 2,
    "requires": true,
    "packages": {
        "": {
            "name": "@mkpwnz/esx-legacy-ts",
            "version": "0.2.14",
            "license": "ISC",
            "dependencies": {
                "@citizenfx/client": "^2.0.7886-1",
                "@citizenfx/server": "^2.0.7886-1",
                "fivem-js": "^1.5.2"
            }
        },
        "node_modules/@citizenfx/client": {
            "version": "2.0.7886-1",
            "resolved": "https://registry.npmjs.org/@citizenfx/client/-/client-2.0.7886-1.tgz",
            "integrity": "sha512-Wi7j0MwAsRkLbWMBzhM7lHNRpjBmHg4OQCgVSommb1/HawtGdPFNDembU2JGyvFk5i8oZ8k0yUGpZ2KRn0RDAw=="
        },
        "node_modules/@citizenfx/server": {
            "version": "2.0.7886-1",
            "resolved": "https://registry.npmjs.org/@citizenfx/server/-/server-2.0.7886-1.tgz",
            "integrity": "sha512-iUDilriENEoNPdm1x3VRyY2OOJ6utkUnQaAcPZku7LgY9acjoM2Ax98Skk2BF0ndpUnE5S5qvMRCweFsm/9kZw=="
        },
        "node_modules/fivem-js": {
            "version": "1.5.2",
            "resolved": "https://registry.npmjs.org/fivem-js/-/fivem-js-1.5.2.tgz",
            "integrity": "sha512-PONuAo9djL3UnEcVHxxLLHClQnpnLbiJXu2fNNGvi5Li/7IKfwn5PMHERrjr1Sq+oWeoao100LlsnlnA1mGCew==",
            "dependencies": {
                "@citizenfx/client": "^1.0.3281-1"
            }
        },
        "node_modules/fivem-js/node_modules/@citizenfx/client": {
            "version": "1.0.3281-1",
            "resolved": "https://registry.npmjs.org/@citizenfx/client/-/client-1.0.3281-1.tgz",
            "integrity": "sha512-hZ82+Z1CfFFWYqTohDc9K2Cn00NAGQ4Hv34JH9kQpMsA2talHVUXjZOZ78/Dtk0DcGVA2beSYfA8fMm6ZrKmHg=="
        }
    },
    "dependencies": {
        "@citizenfx/client": {
            "version": "2.0.7886-1",
            "resolved": "https://registry.npmjs.org/@citizenfx/client/-/client-2.0.7886-1.tgz",
            "integrity": "sha512-Wi7j0MwAsRkLbWMBzhM7lHNRpjBmHg4OQCgVSommb1/HawtGdPFNDembU2JGyvFk5i8oZ8k0yUGpZ2KRn0RDAw=="
        },
        "@citizenfx/server": {
            "version": "2.0.7886-1",
            "resolved": "https://registry.npmjs.org/@citizenfx/server/-/server-2.0.7886-1.tgz",
            "integrity": "sha512-iUDilriENEoNPdm1x3VRyY2OOJ6utkUnQaAcPZku7LgY9acjoM2Ax98Skk2BF0ndpUnE5S5qvMRCweFsm/9kZw=="
        },
        "fivem-js": {
            "version": "1.5.2",
            "resolved": "https://registry.npmjs.org/fivem-js/-/fivem-js-1.5.2.tgz",
            "integrity": "sha512-PONuAo9djL3UnEcVHxxLLHClQnpnLbiJXu2fNNGvi5Li/7IKfwn5PMHERrjr1Sq+oWeoao100LlsnlnA1mGCew==",
            "requires": {
                "@citizenfx/client": "^1.0.3281-1"
            },
            "dependencies": {
                "@citizenfx/client": {
                    "version": "1.0.3281-1",
                    "resolved": "https://registry.npmjs.org/@citizenfx/client/-/client-1.0.3281-1.tgz",
                    "integrity": "sha512-hZ82+Z1CfFFWYqTohDc9K2Cn00NAGQ4Hv34JH9kQpMsA2talHVUXjZOZ78/Dtk0DcGVA2beSYfA8fMm6ZrKmHg=="
                }
            }
        }
    }
}
